
Microsoft Visual Studio Solution File, Format Version 11.00
# Visual Studio 2010
Project("{FAE04EC0-301F-11D3-BF4B-00C04F79EFBC}") = "Assembly-CSharp", "Assembly-CSharp.csproj", "{CDADB2A5-010F-145E-8901-F031488C0EE7}"
EndProject
Global
	GlobalSection(SolutionConfigurationPlatforms) = preSolution
		Debug|Any CPU = Debug|Any CPU
		Release|Any CPU = Release|Any CPU
	EndGlobalSection
	GlobalSection(ProjectConfigurationPlatforms) = postSolution
		{CDADB2A5-010F-145E-8901-F031488C0EE7}.Debug|Any CPU.ActiveCfg = Debug|Any CPU
		{CDADB2A5-010F-145E-8901-F031488C0EE7}.Debug|Any CPU.Build.0 = Debug|Any CPU
		{CDADB2A5-010F-145E-8901-F031488C0EE7}.Release|Any CPU.ActiveCfg = Release|Any CPU
		{CDADB2A5-010F-145E-8901-F031488C0EE7}.Release|Any CPU.Build.0 = Release|Any CPU
	EndGlobalSection
	GlobalSection(SolutionProperties) = preSolution
		HideSolutionNode = FALSE
	EndGlobalSection
EndGlobal
